
Microsoft Visual Studio Solution File, Format Version 12.00
# Visual Studio Version 17
VisualStudioVersion = 17.14.36121.58 d17.14
MinimumVisualStudioVersion = 10.0.40219.1
Project("{FAE04EC0-301F-11D3-BF4B-00C04F79EFBC}") = "CarritoECommerce", "CarritoECommerce.csproj", "{53E33E35-C404-2541-2D56-98DDA5F95CBD}"
EndProject
Global
	GlobalSection(SolutionConfigurationPlatforms) = preSolution
		Debug|Any CPU = Debug|Any CPU
		Release|Any CPU = Release|Any CPU
	EndGlobalSection
	GlobalSection(ProjectConfigurationPlatforms) = postSolution
		{53E33E35-C404-2541-2D56-98DDA5F95CBD}.Debug|Any CPU.ActiveCfg = Debug|Any CPU
		{53E33E35-C404-2541-2D56-98DDA5F95CBD}.Debug|Any CPU.Build.0 = Debug|Any CPU
		{53E33E35-C404-2541-2D56-98DDA5F95CBD}.Release|Any CPU.ActiveCfg = Release|Any CPU
		{53E33E35-C404-2541-2D56-98DDA5F95CBD}.Release|Any CPU.Build.0 = Release|Any CPU
	EndGlobalSection
	GlobalSection(SolutionProperties) = preSolution
		HideSolutionNode = FALSE
	EndGlobalSection
	GlobalSection(ExtensibilityGlobals) = postSolution
		SolutionGuid = {35F30F9B-9D63-4F00-B631-05C0957FE73A}
	EndGlobalSection
EndGlobal
